
Microsoft Visual Studio Solution File, Format Version 12.00
# Visual Studio Version 16
VisualStudioVersion = 16.0.32002.261
MinimumVisualStudioVersion = 10.0.40219.1
Project("{FAE04EC0-301F-11D3-BF4B-00C04F79EFBC}") = "OelCheckLims", "OleCheckLims\OelCheckLims.csproj", "{1F9FD822-CCEF-4EFB-89F0-37ECBEA3DD78}"
EndProject
Global
	GlobalSection(SolutionConfigurationPlatforms) = preSolution
		Debug|Any CPU = Debug|Any CPU
		Debug|x64 = Debug|x64
		Release|Any CPU = Release|Any CPU
		Release|x64 = Release|x64
	EndGlobalSection
	GlobalSection(ProjectConfigurationPlatforms) = postSolution
		{1F9FD822-CCEF-4EFB-89F0-37ECBEA3DD78}.Debug|Any CPU.ActiveCfg = Debug|Any CPU
		{1F9FD822-CCEF-4EFB-89F0-37ECBEA3DD78}.Debug|Any CPU.Build.0 = Debug|Any CPU
		{1F9FD822-CCEF-4EFB-89F0-37ECBEA3DD78}.Debug|x64.ActiveCfg = Debug|x64
		{1F9FD822-CCEF-4EFB-89F0-37ECBEA3DD78}.Debug|x64.Build.0 = Debug|x64
		{1F9FD822-CCEF-4EFB-89F0-37ECBEA3DD78}.Release|Any CPU.ActiveCfg = Release|Any CPU
		{1F9FD822-CCEF-4EFB-89F0-37ECBEA3DD78}.Release|Any CPU.Build.0 = Release|Any CPU
		{1F9FD822-CCEF-4EFB-89F0-37ECBEA3DD78}.Release|x64.ActiveCfg = Release|x64
		{1F9FD822-CCEF-4EFB-89F0-37ECBEA3DD78}.Release|x64.Build.0 = Release|x64
	EndGlobalSection
	GlobalSection(SolutionProperties) = preSolution
		HideSolutionNode = FALSE
	EndGlobalSection
	GlobalSection(ExtensibilityGlobals) = postSolution
		SolutionGuid = {38C89F98-55DC-4810-9F66-195B4BC45C89}
	EndGlobalSection
EndGlobal
